
Microsoft Visual Studio Solution File, Format Version 11.00
# Visual Studio 2010
Project("{FAE04EC0-301F-11D3-BF4B-00C04F79EFBC}") = "Mirror", "Mirror.csproj", "{64bfa5b7-3b91-c443-8c81-2cb08f173f08}"
EndProject
Project("{FAE04EC0-301F-11D3-BF4B-00C04F79EFBC}") = "Mirror.Components", "Mirror.Components.csproj", "{f2ee0283-e44d-7bbc-ea89-d081bc92321f}"
EndProject
Project("{FAE04EC0-301F-11D3-BF4B-00C04F79EFBC}") = "SimpleWebTransport", "SimpleWebTransport.csproj", "{2bd3f376-7344-a758-43d8-cbe32c02b4ea}"
EndProject
Project("{FAE04EC0-301F-11D3-BF4B-00C04F79EFBC}") = "Mirror.Examples", "Mirror.Examples.csproj", "{0769f040-7293-903d-021c-2f5318a27a7a}"
EndProject
Project("{FAE04EC0-301F-11D3-BF4B-00C04F79EFBC}") = "Assembly-CSharp", "Assembly-CSharp.csproj", "{b6a33c76-bd70-e92b-ba00-6bbba2e934e0}"
EndProject
Project("{FAE04EC0-301F-11D3-BF4B-00C04F79EFBC}") = "kcp2k", "kcp2k.csproj", "{f74d09a6-1e63-9019-0f61-edec73ea6d02}"
EndProject
Project("{FAE04EC0-301F-11D3-BF4B-00C04F79EFBC}") = "Telepathy", "Telepathy.csproj", "{95640549-51e7-3d3f-34a0-a9739fa66429}"
EndProject
Project("{FAE04EC0-301F-11D3-BF4B-00C04F79EFBC}") = "Mirror.Authenticators", "Mirror.Authenticators.csproj", "{e6846978-87d7-8b83-837e-37bba1ff3c3e}"
EndProject
Project("{FAE04EC0-301F-11D3-BF4B-00C04F79EFBC}") = "where-allocations", "where-allocations.csproj", "{d18706ca-6582-f283-5923-556ad8411f02}"
EndProject
Project("{FAE04EC0-301F-11D3-BF4B-00C04F79EFBC}") = "Unity.Mirror.CodeGen", "Unity.Mirror.CodeGen.csproj", "{62af8714-ac95-97b1-8ef1-8703229adf05}"
EndProject
Project("{FAE04EC0-301F-11D3-BF4B-00C04F79EFBC}") = "Mirror.Editor", "Mirror.Editor.csproj", "{c0f3a391-6b7e-9a50-852c-59e02970b9af}"
EndProject
Project("{FAE04EC0-301F-11D3-BF4B-00C04F79EFBC}") = "Mirror.CompilerSymbols", "Mirror.CompilerSymbols.csproj", "{19c65e36-b9bc-52cd-9256-ee0fa47acef0}"
EndProject
Global
	GlobalSection(SolutionConfigurationPlatforms) = preSolution
		Debug|Any CPU = Debug|Any CPU
		Release|Any CPU = Release|Any CPU
	EndGlobalSection
	GlobalSection(ProjectConfigurationPlatforms) = postSolution
		{64bfa5b7-3b91-c443-8c81-2cb08f173f08}.Debug|Any CPU.ActiveCfg = Debug|Any CPU
		{64bfa5b7-3b91-c443-8c81-2cb08f173f08}.Debug|Any CPU.Build.0 = Debug|Any CPU
		{64bfa5b7-3b91-c443-8c81-2cb08f173f08}.Release|Any CPU.ActiveCfg = Release|Any CPU
		{64bfa5b7-3b91-c443-8c81-2cb08f173f08}.Release|Any CPU.Build.0 = Release|Any CPU
		{f2ee0283-e44d-7bbc-ea89-d081bc92321f}.Debug|Any CPU.ActiveCfg = Debug|Any CPU
		{f2ee0283-e44d-7bbc-ea89-d081bc92321f}.Debug|Any CPU.Build.0 = Debug|Any CPU
		{f2ee0283-e44d-7bbc-ea89-d081bc92321f}.Release|Any CPU.ActiveCfg = Release|Any CPU
		{f2ee0283-e44d-7bbc-ea89-d081bc92321f}.Release|Any CPU.Build.0 = Release|Any CPU
		{2bd3f376-7344-a758-43d8-cbe32c02b4ea}.Debug|Any CPU.ActiveCfg = Debug|Any CPU
		{2bd3f376-7344-a758-43d8-cbe32c02b4ea}.Debug|Any CPU.Build.0 = Debug|Any CPU
		{2bd3f376-7344-a758-43d8-cbe32c02b4ea}.Release|Any CPU.ActiveCfg = Release|Any CPU
		{2bd3f376-7344-a758-43d8-cbe32c02b4ea}.Release|Any CPU.Build.0 = Release|Any CPU
		{0769f040-7293-903d-021c-2f5318a27a7a}.Debug|Any CPU.ActiveCfg = Debug|Any CPU
		{0769f040-7293-903d-021c-2f5318a27a7a}.Debug|Any CPU.Build.0 = Debug|Any CPU
		{0769f040-7293-903d-021c-2f5318a27a7a}.Release|Any CPU.ActiveCfg = Release|Any CPU
		{0769f040-7293-903d-021c-2f5318a27a7a}.Release|Any CPU.Build.0 = Release|Any CPU
		{b6a33c76-bd70-e92b-ba00-6bbba2e934e0}.Debug|Any CPU.ActiveCfg = Debug|Any CPU
		{b6a33c76-bd70-e92b-ba00-6bbba2e934e0}.Debug|Any CPU.Build.0 = Debug|Any CPU
		{b6a33c76-bd70-e92b-ba00-6bbba2e934e0}.Release|Any CPU.ActiveCfg = Release|Any CPU
		{b6a33c76-bd70-e92b-ba00-6bbba2e934e0}.Release|Any CPU.Build.0 = Release|Any CPU
		{f74d09a6-1e63-9019-0f61-edec73ea6d02}.Debug|Any CPU.ActiveCfg = Debug|Any CPU
		{f74d09a6-1e63-9019-0f61-edec73ea6d02}.Debug|Any CPU.Build.0 = Debug|Any CPU
		{f74d09a6-1e63-9019-0f61-edec73ea6d02}.Release|Any CPU.ActiveCfg = Release|Any CPU
		{f74d09a6-1e63-9019-0f61-edec73ea6d02}.Release|Any CPU.Build.0 = Release|Any CPU
		{95640549-51e7-3d3f-34a0-a9739fa66429}.Debug|Any CPU.ActiveCfg = Debug|Any CPU
		{95640549-51e7-3d3f-34a0-a9739fa66429}.Debug|Any CPU.Build.0 = Debug|Any CPU
		{95640549-51e7-3d3f-34a0-a9739fa66429}.Release|Any CPU.ActiveCfg = Release|Any CPU
		{95640549-51e7-3d3f-34a0-a9739fa66429}.Release|Any CPU.Build.0 = Release|Any CPU
		{e6846978-87d7-8b83-837e-37bba1ff3c3e}.Debug|Any CPU.ActiveCfg = Debug|Any CPU
		{e6846978-87d7-8b83-837e-37bba1ff3c3e}.Debug|Any CPU.Build.0 = Debug|Any CPU
		{e6846978-87d7-8b83-837e-37bba1ff3c3e}.Release|Any CPU.ActiveCfg = Release|Any CPU
		{e6846978-87d7-8b83-837e-37bba1ff3c3e}.Release|Any CPU.Build.0 = Release|Any CPU
		{d18706ca-6582-f283-5923-556ad8411f02}.Debug|Any CPU.ActiveCfg = Debug|Any CPU
		{d18706ca-6582-f283-5923-556ad8411f02}.Debug|Any CPU.Build.0 = Debug|Any CPU
		{d18706ca-6582-f283-5923-556ad8411f02}.Release|Any CPU.ActiveCfg = Release|Any CPU
		{d18706ca-6582-f283-5923-556ad8411f02}.Release|Any CPU.Build.0 = Release|Any CPU
		{62af8714-ac95-97b1-8ef1-8703229adf05}.Debug|Any CPU.ActiveCfg = Debug|Any CPU
		{62af8714-ac95-97b1-8ef1-8703229adf05}.Debug|Any CPU.Build.0 = Debug|Any CPU
		{62af8714-ac95-97b1-8ef1-8703229adf05}.Release|Any CPU.ActiveCfg = Release|Any CPU
		{62af8714-ac95-97b1-8ef1-8703229adf05}.Release|Any CPU.Build.0 = Release|Any CPU
		{c0f3a391-6b7e-9a50-852c-59e02970b9af}.Debug|Any CPU.ActiveCfg = Debug|Any CPU
		{c0f3a391-6b7e-9a50-852c-59e02970b9af}.Debug|Any CPU.Build.0 = Debug|Any CPU
		{c0f3a391-6b7e-9a50-852c-59e02970b9af}.Release|Any CPU.ActiveCfg = Release|Any CPU
		{c0f3a391-6b7e-9a50-852c-59e02970b9af}.Release|Any CPU.Build.0 = Release|Any CPU
		{19c65e36-b9bc-52cd-9256-ee0fa47acef0}.Debug|Any CPU.ActiveCfg = Debug|Any CPU
		{19c65e36-b9bc-52cd-9256-ee0fa47acef0}.Debug|Any CPU.Build.0 = Debug|Any CPU
		{19c65e36-b9bc-52cd-9256-ee0fa47acef0}.Release|Any CPU.ActiveCfg = Release|Any CPU
		{19c65e36-b9bc-52cd-9256-ee0fa47acef0}.Release|Any CPU.Build.0 = Release|Any CPU
	EndGlobalSection
	GlobalSection(SolutionProperties) = preSolution
		HideSolutionNode = FALSE
	EndGlobalSection
EndGlobal
