
Microsoft Visual Studio Solution File, Format Version 11.00
# Visual Studio 2010
Project("{FAE04EC0-301F-11D3-BF4B-00C04F79EFBC}") = "Mirror", "Mirror.csproj", "{ce9dd55c-6577-b095-60b4-f4682c4a1a35}"
EndProject
Project("{FAE04EC0-301F-11D3-BF4B-00C04F79EFBC}") = "Mirror.Components", "Mirror.Components.csproj", "{1d740cef-0f3b-2697-7327-f5e90d845a71}"
EndProject
Project("{FAE04EC0-301F-11D3-BF4B-00C04F79EFBC}") = "SimpleWebTransport", "SimpleWebTransport.csproj", "{16d50451-3082-a47f-6596-8baad68b7889}"
EndProject
Project("{FAE04EC0-301F-11D3-BF4B-00C04F79EFBC}") = "Mirror.Examples", "Mirror.Examples.csproj", "{d1e33d20-07a4-9f79-2871-9d0745b16a5d}"
EndProject
Project("{FAE04EC0-301F-11D3-BF4B-00C04F79EFBC}") = "Assembly-CSharp", "Assembly-CSharp.csproj", "{0978873b-f6bf-dea8-ac14-cc2ed48a645a}"
EndProject
Project("{FAE04EC0-301F-11D3-BF4B-00C04F79EFBC}") = "kcp2k", "kcp2k.csproj", "{82ca120b-e987-5b97-33e2-3c20b8474f43}"
EndProject
Project("{FAE04EC0-301F-11D3-BF4B-00C04F79EFBC}") = "Telepathy", "Telepathy.csproj", "{2f6e4615-1a8d-e9ae-e556-d12d85b65a12}"
EndProject
Project("{FAE04EC0-301F-11D3-BF4B-00C04F79EFBC}") = "Mirror.Authenticators", "Mirror.Authenticators.csproj", "{08aec1e7-52db-b555-c71c-068f5b851d28}"
EndProject
Project("{FAE04EC0-301F-11D3-BF4B-00C04F79EFBC}") = "where-allocations", "where-allocations.csproj", "{35277530-705b-d8ca-3165-0342d840b8d6}"
EndProject
Project("{FAE04EC0-301F-11D3-BF4B-00C04F79EFBC}") = "Unity.Mirror.CodeGen", "Unity.Mirror.CodeGen.csproj", "{f576a3cd-b3dd-6697-8955-d63640f1c24b}"
EndProject
Project("{FAE04EC0-301F-11D3-BF4B-00C04F79EFBC}") = "Mirror.Editor", "Mirror.Editor.csproj", "{ccd6a32e-d18c-31aa-f424-63a8ecc85ae3}"
EndProject
Project("{FAE04EC0-301F-11D3-BF4B-00C04F79EFBC}") = "Mirror.CompilerSymbols", "Mirror.CompilerSymbols.csproj", "{291eb431-3c36-2060-457b-5faa4e48160d}"
EndProject
Global
	GlobalSection(SolutionConfigurationPlatforms) = preSolution
		Debug|Any CPU = Debug|Any CPU
		Release|Any CPU = Release|Any CPU
	EndGlobalSection
	GlobalSection(ProjectConfigurationPlatforms) = postSolution
		{ce9dd55c-6577-b095-60b4-f4682c4a1a35}.Debug|Any CPU.ActiveCfg = Debug|Any CPU
		{ce9dd55c-6577-b095-60b4-f4682c4a1a35}.Debug|Any CPU.Build.0 = Debug|Any CPU
		{ce9dd55c-6577-b095-60b4-f4682c4a1a35}.Release|Any CPU.ActiveCfg = Release|Any CPU
		{ce9dd55c-6577-b095-60b4-f4682c4a1a35}.Release|Any CPU.Build.0 = Release|Any CPU
		{1d740cef-0f3b-2697-7327-f5e90d845a71}.Debug|Any CPU.ActiveCfg = Debug|Any CPU
		{1d740cef-0f3b-2697-7327-f5e90d845a71}.Debug|Any CPU.Build.0 = Debug|Any CPU
		{1d740cef-0f3b-2697-7327-f5e90d845a71}.Release|Any CPU.ActiveCfg = Release|Any CPU
		{1d740cef-0f3b-2697-7327-f5e90d845a71}.Release|Any CPU.Build.0 = Release|Any CPU
		{16d50451-3082-a47f-6596-8baad68b7889}.Debug|Any CPU.ActiveCfg = Debug|Any CPU
		{16d50451-3082-a47f-6596-8baad68b7889}.Debug|Any CPU.Build.0 = Debug|Any CPU
		{16d50451-3082-a47f-6596-8baad68b7889}.Release|Any CPU.ActiveCfg = Release|Any CPU
		{16d50451-3082-a47f-6596-8baad68b7889}.Release|Any CPU.Build.0 = Release|Any CPU
		{d1e33d20-07a4-9f79-2871-9d0745b16a5d}.Debug|Any CPU.ActiveCfg = Debug|Any CPU
		{d1e33d20-07a4-9f79-2871-9d0745b16a5d}.Debug|Any CPU.Build.0 = Debug|Any CPU
		{d1e33d20-07a4-9f79-2871-9d0745b16a5d}.Release|Any CPU.ActiveCfg = Release|Any CPU
		{d1e33d20-07a4-9f79-2871-9d0745b16a5d}.Release|Any CPU.Build.0 = Release|Any CPU
		{0978873b-f6bf-dea8-ac14-cc2ed48a645a}.Debug|Any CPU.ActiveCfg = Debug|Any CPU
		{0978873b-f6bf-dea8-ac14-cc2ed48a645a}.Debug|Any CPU.Build.0 = Debug|Any CPU
		{0978873b-f6bf-dea8-ac14-cc2ed48a645a}.Release|Any CPU.ActiveCfg = Release|Any CPU
		{0978873b-f6bf-dea8-ac14-cc2ed48a645a}.Release|Any CPU.Build.0 = Release|Any CPU
		{82ca120b-e987-5b97-33e2-3c20b8474f43}.Debug|Any CPU.ActiveCfg = Debug|Any CPU
		{82ca120b-e987-5b97-33e2-3c20b8474f43}.Debug|Any CPU.Build.0 = Debug|Any CPU
		{82ca120b-e987-5b97-33e2-3c20b8474f43}.Release|Any CPU.ActiveCfg = Release|Any CPU
		{82ca120b-e987-5b97-33e2-3c20b8474f43}.Release|Any CPU.Build.0 = Release|Any CPU
		{2f6e4615-1a8d-e9ae-e556-d12d85b65a12}.Debug|Any CPU.ActiveCfg = Debug|Any CPU
		{2f6e4615-1a8d-e9ae-e556-d12d85b65a12}.Debug|Any CPU.Build.0 = Debug|Any CPU
		{2f6e4615-1a8d-e9ae-e556-d12d85b65a12}.Release|Any CPU.ActiveCfg = Release|Any CPU
		{2f6e4615-1a8d-e9ae-e556-d12d85b65a12}.Release|Any CPU.Build.0 = Release|Any CPU
		{08aec1e7-52db-b555-c71c-068f5b851d28}.Debug|Any CPU.ActiveCfg = Debug|Any CPU
		{08aec1e7-52db-b555-c71c-068f5b851d28}.Debug|Any CPU.Build.0 = Debug|Any CPU
		{08aec1e7-52db-b555-c71c-068f5b851d28}.Release|Any CPU.ActiveCfg = Release|Any CPU
		{08aec1e7-52db-b555-c71c-068f5b851d28}.Release|Any CPU.Build.0 = Release|Any CPU
		{35277530-705b-d8ca-3165-0342d840b8d6}.Debug|Any CPU.ActiveCfg = Debug|Any CPU
		{35277530-705b-d8ca-3165-0342d840b8d6}.Debug|Any CPU.Build.0 = Debug|Any CPU
		{35277530-705b-d8ca-3165-0342d840b8d6}.Release|Any CPU.ActiveCfg = Release|Any CPU
		{35277530-705b-d8ca-3165-0342d840b8d6}.Release|Any CPU.Build.0 = Release|Any CPU
		{f576a3cd-b3dd-6697-8955-d63640f1c24b}.Debug|Any CPU.ActiveCfg = Debug|Any CPU
		{f576a3cd-b3dd-6697-8955-d63640f1c24b}.Debug|Any CPU.Build.0 = Debug|Any CPU
		{f576a3cd-b3dd-6697-8955-d63640f1c24b}.Release|Any CPU.ActiveCfg = Release|Any CPU
		{f576a3cd-b3dd-6697-8955-d63640f1c24b}.Release|Any CPU.Build.0 = Release|Any CPU
		{ccd6a32e-d18c-31aa-f424-63a8ecc85ae3}.Debug|Any CPU.ActiveCfg = Debug|Any CPU
		{ccd6a32e-d18c-31aa-f424-63a8ecc85ae3}.Debug|Any CPU.Build.0 = Debug|Any CPU
		{ccd6a32e-d18c-31aa-f424-63a8ecc85ae3}.Release|Any CPU.ActiveCfg = Release|Any CPU
		{ccd6a32e-d18c-31aa-f424-63a8ecc85ae3}.Release|Any CPU.Build.0 = Release|Any CPU
		{291eb431-3c36-2060-457b-5faa4e48160d}.Debug|Any CPU.ActiveCfg = Debug|Any CPU
		{291eb431-3c36-2060-457b-5faa4e48160d}.Debug|Any CPU.Build.0 = Debug|Any CPU
		{291eb431-3c36-2060-457b-5faa4e48160d}.Release|Any CPU.ActiveCfg = Release|Any CPU
		{291eb431-3c36-2060-457b-5faa4e48160d}.Release|Any CPU.Build.0 = Release|Any CPU
	EndGlobalSection
	GlobalSection(SolutionProperties) = preSolution
		HideSolutionNode = FALSE
	EndGlobalSection
EndGlobal
